
Microsoft Visual Studio Solution File, Format Version 12.00
# Visual Studio Version 18
VisualStudioVersion = 18.6.11806.211 stable
MinimumVisualStudioVersion = 10.0.40219.1
Project("{FAE04EC0-301F-11D3-BF4B-00C04F79EFBC}") = "EnglishLessonsWasm", "EnglishLessonsWasm.csproj", "{E3AFF7B2-5856-12CB-1EF8-0732E1163A02}"
EndProject
Global
	GlobalSection(SolutionConfigurationPlatforms) = preSolution
		Debug|Any CPU = Debug|Any CPU
		Release|Any CPU = Release|Any CPU
	EndGlobalSection
	GlobalSection(ProjectConfigurationPlatforms) = postSolution
		{E3AFF7B2-5856-12CB-1EF8-0732E1163A02}.Debug|Any CPU.ActiveCfg = Debug|Any CPU
		{E3AFF7B2-5856-12CB-1EF8-0732E1163A02}.Debug|Any CPU.Build.0 = Debug|Any CPU
		{E3AFF7B2-5856-12CB-1EF8-0732E1163A02}.Release|Any CPU.ActiveCfg = Release|Any CPU
		{E3AFF7B2-5856-12CB-1EF8-0732E1163A02}.Release|Any CPU.Build.0 = Release|Any CPU
	EndGlobalSection
	GlobalSection(SolutionProperties) = preSolution
		HideSolutionNode = FALSE
	EndGlobalSection
	GlobalSection(ExtensibilityGlobals) = postSolution
		SolutionGuid = {6B23B829-F083-4882-97FD-4FA89EFD3E96}
	EndGlobalSection
EndGlobal
